
Microsoft Visual Studio Solution File, Format Version 12.00
# Visual Studio Version 17
VisualStudioVersion = 17.1.32421.90
MinimumVisualStudioVersion = 10.0.40219.1
Project("{9A19103F-16F7-4668-BE54-9A1E7A4F7556}") = "FaceONNX", "..\FaceONNX\FaceONNX.csproj", "{6E039CBD-DC4D-4D57-838E-1EBB19819B47}"
EndProject
Project("{2150E333-8FDC-42A3-9474-1A3956D46DE8}") = "Examples", "Examples", "{5C59EADF-F2E6-4217-AB30-3D413343E510}"
EndProject
Project("{9A19103F-16F7-4668-BE54-9A1E7A4F7556}") = "Face-Matcher-UI", "Face-Matcher-UI\Face-Matcher-UI.csproj", "{9B2CD7BA-2E03-4C2B-9E5E-D60CFF8339D5}"
EndProject
Global
	GlobalSection(SolutionConfigurationPlatforms) = preSolution
		Debug|Any CPU = Debug|Any CPU
		Debug|x64 = Debug|x64
		Release|Any CPU = Release|Any CPU
		Release|x64 = Release|x64
	EndGlobalSection
	GlobalSection(ProjectConfigurationPlatforms) = postSolution
		{6E039CBD-DC4D-4D57-838E-1EBB19819B47}.Debug|Any CPU.ActiveCfg = Debug|Any CPU
		{6E039CBD-DC4D-4D57-838E-1EBB19819B47}.Debug|Any CPU.Build.0 = Debug|Any CPU
		{6E039CBD-DC4D-4D57-838E-1EBB19819B47}.Debug|x64.ActiveCfg = Debug|Any CPU
		{6E039CBD-DC4D-4D57-838E-1EBB19819B47}.Debug|x64.Build.0 = Debug|Any CPU
		{6E039CBD-DC4D-4D57-838E-1EBB19819B47}.Release|Any CPU.ActiveCfg = Release|Any CPU
		{6E039CBD-DC4D-4D57-838E-1EBB19819B47}.Release|Any CPU.Build.0 = Release|Any CPU
		{6E039CBD-DC4D-4D57-838E-1EBB19819B47}.Release|x64.ActiveCfg = Release|Any CPU
		{6E039CBD-DC4D-4D57-838E-1EBB19819B47}.Release|x64.Build.0 = Release|Any CPU
		{9B2CD7BA-2E03-4C2B-9E5E-D60CFF8339D5}.Debug|Any CPU.ActiveCfg = Debug|Any CPU
		{9B2CD7BA-2E03-4C2B-9E5E-D60CFF8339D5}.Debug|Any CPU.Build.0 = Debug|Any CPU
		{9B2CD7BA-2E03-4C2B-9E5E-D60CFF8339D5}.Debug|x64.ActiveCfg = Debug|x64
		{9B2CD7BA-2E03-4C2B-9E5E-D60CFF8339D5}.Debug|x64.Build.0 = Debug|x64
		{9B2CD7BA-2E03-4C2B-9E5E-D60CFF8339D5}.Release|Any CPU.ActiveCfg = Release|Any CPU
		{9B2CD7BA-2E03-4C2B-9E5E-D60CFF8339D5}.Release|Any CPU.Build.0 = Release|Any CPU
		{9B2CD7BA-2E03-4C2B-9E5E-D60CFF8339D5}.Release|x64.ActiveCfg = Release|x64
		{9B2CD7BA-2E03-4C2B-9E5E-D60CFF8339D5}.Release|x64.Build.0 = Release|x64
	EndGlobalSection
	GlobalSection(SolutionProperties) = preSolution
		HideSolutionNode = FALSE
	EndGlobalSection
	GlobalSection(NestedProjects) = preSolution
		{9B2CD7BA-2E03-4C2B-9E5E-D60CFF8339D5} = {5C59EADF-F2E6-4217-AB30-3D413343E510}
	EndGlobalSection
	GlobalSection(ExtensibilityGlobals) = postSolution
		SolutionGuid = {7F8F882E-960E-4B12-A393-9E938B33E5A7}
	EndGlobalSection
EndGlobal
